
Microsoft Visual Studio Solution File, Format Version 12.00
# Visual Studio Version 16
VisualStudioVersion = 16.0.32002.261
MinimumVisualStudioVersion = 10.0.40219.1
Project("{FAE04EC0-301F-11D3-BF4B-00C04F79EFBC}") = "day20to22Moodanalyzer", "Moodanalyzer\day20to22Moodanalyzer.csproj", "{98C660D0-D51E-4021-953D-F5B3D5B2EC22}"
EndProject
Project("{FAE04EC0-301F-11D3-BF4B-00C04F79EFBC}") = "Moodanalyzermstest", "Moodanalyzermstest\Moodanalyzermstest.csproj", "{34622354-B2EB-4242-B7CD-0AF2B22A48D3}"
EndProject
Global
	GlobalSection(SolutionConfigurationPlatforms) = preSolution
		Debug|Any CPU = Debug|Any CPU
		Release|Any CPU = Release|Any CPU
	EndGlobalSection
	GlobalSection(ProjectConfigurationPlatforms) = postSolution
		{98C660D0-D51E-4021-953D-F5B3D5B2EC22}.Debug|Any CPU.ActiveCfg = Debug|Any CPU
		{98C660D0-D51E-4021-953D-F5B3D5B2EC22}.Debug|Any CPU.Build.0 = Debug|Any CPU
		{98C660D0-D51E-4021-953D-F5B3D5B2EC22}.Release|Any CPU.ActiveCfg = Release|Any CPU
		{98C660D0-D51E-4021-953D-F5B3D5B2EC22}.Release|Any CPU.Build.0 = Release|Any CPU
		{34622354-B2EB-4242-B7CD-0AF2B22A48D3}.Debug|Any CPU.ActiveCfg = Debug|Any CPU
		{34622354-B2EB-4242-B7CD-0AF2B22A48D3}.Debug|Any CPU.Build.0 = Debug|Any CPU
		{34622354-B2EB-4242-B7CD-0AF2B22A48D3}.Release|Any CPU.ActiveCfg = Release|Any CPU
		{34622354-B2EB-4242-B7CD-0AF2B22A48D3}.Release|Any CPU.Build.0 = Release|Any CPU
	EndGlobalSection
	GlobalSection(SolutionProperties) = preSolution
		HideSolutionNode = FALSE
	EndGlobalSection
	GlobalSection(ExtensibilityGlobals) = postSolution
		SolutionGuid = {292FCBE4-43C3-4895-8817-BDDAFEA95873}
	EndGlobalSection
EndGlobal
